
Microsoft Visual Studio Solution File, Format Version 12.00
# Visual Studio Version 17
VisualStudioVersion = 17.14.36203.30
MinimumVisualStudioVersion = 10.0.40219.1
Project("{FAE04EC0-301F-11D3-BF4B-00C04F79EFBC}") = "Donation.API", "Donation.API.csproj", "{EFB0688E-FB01-401B-8D7F-07A7B806EA42}"
EndProject
Project("{FAE04EC0-301F-11D3-BF4B-00C04F79EFBC}") = "Donation.Domain", "..\Donation.Domain\Donation.Domain.csproj", "{1761B113-7BFC-4BD7-9F8C-4EAC49E5957B}"
EndProject
Project("{FAE04EC0-301F-11D3-BF4B-00C04F79EFBC}") = "Donation.Application", "..\Donation.Application\Donation.Application.csproj", "{219DA743-8A78-4A94-9E54-3D1F2E56CD7F}"
EndProject
Project("{FAE04EC0-301F-11D3-BF4B-00C04F79EFBC}") = "Donation.CrossCutting", "..\Donation.CrossCutting\Donation.CrossCutting.csproj", "{58E3FBD8-94A7-4C79-BD0F-3A3C9EAFF5B3}"
EndProject
Project("{FAE04EC0-301F-11D3-BF4B-00C04F79EFBC}") = "Donation.Infrastructure", "..\Donation.Infrastructure\Donation.Infrastructure.csproj", "{C4E59B0E-888F-4056-B80F-91F67A968D11}"
EndProject
Global
	GlobalSection(SolutionConfigurationPlatforms) = preSolution
		Debug|Any CPU = Debug|Any CPU
		Release|Any CPU = Release|Any CPU
	EndGlobalSection
	GlobalSection(ProjectConfigurationPlatforms) = postSolution
		{EFB0688E-FB01-401B-8D7F-07A7B806EA42}.Debug|Any CPU.ActiveCfg = Debug|Any CPU
		{EFB0688E-FB01-401B-8D7F-07A7B806EA42}.Debug|Any CPU.Build.0 = Debug|Any CPU
		{EFB0688E-FB01-401B-8D7F-07A7B806EA42}.Release|Any CPU.ActiveCfg = Release|Any CPU
		{EFB0688E-FB01-401B-8D7F-07A7B806EA42}.Release|Any CPU.Build.0 = Release|Any CPU
		{1761B113-7BFC-4BD7-9F8C-4EAC49E5957B}.Debug|Any CPU.ActiveCfg = Debug|Any CPU
		{1761B113-7BFC-4BD7-9F8C-4EAC49E5957B}.Debug|Any CPU.Build.0 = Debug|Any CPU
		{1761B113-7BFC-4BD7-9F8C-4EAC49E5957B}.Release|Any CPU.ActiveCfg = Release|Any CPU
		{1761B113-7BFC-4BD7-9F8C-4EAC49E5957B}.Release|Any CPU.Build.0 = Release|Any CPU
		{219DA743-8A78-4A94-9E54-3D1F2E56CD7F}.Debug|Any CPU.ActiveCfg = Debug|Any CPU
		{219DA743-8A78-4A94-9E54-3D1F2E56CD7F}.Debug|Any CPU.Build.0 = Debug|Any CPU
		{219DA743-8A78-4A94-9E54-3D1F2E56CD7F}.Release|Any CPU.ActiveCfg = Release|Any CPU
		{219DA743-8A78-4A94-9E54-3D1F2E56CD7F}.Release|Any CPU.Build.0 = Release|Any CPU
		{58E3FBD8-94A7-4C79-BD0F-3A3C9EAFF5B3}.Debug|Any CPU.ActiveCfg = Debug|Any CPU
		{58E3FBD8-94A7-4C79-BD0F-3A3C9EAFF5B3}.Debug|Any CPU.Build.0 = Debug|Any CPU
		{58E3FBD8-94A7-4C79-BD0F-3A3C9EAFF5B3}.Release|Any CPU.ActiveCfg = Release|Any CPU
		{58E3FBD8-94A7-4C79-BD0F-3A3C9EAFF5B3}.Release|Any CPU.Build.0 = Release|Any CPU
		{C4E59B0E-888F-4056-B80F-91F67A968D11}.Debug|Any CPU.ActiveCfg = Debug|Any CPU
		{C4E59B0E-888F-4056-B80F-91F67A968D11}.Debug|Any CPU.Build.0 = Debug|Any CPU
		{C4E59B0E-888F-4056-B80F-91F67A968D11}.Release|Any CPU.ActiveCfg = Release|Any CPU
		{C4E59B0E-888F-4056-B80F-91F67A968D11}.Release|Any CPU.Build.0 = Release|Any CPU
	EndGlobalSection
	GlobalSection(SolutionProperties) = preSolution
		HideSolutionNode = FALSE
	EndGlobalSection
	GlobalSection(ExtensibilityGlobals) = postSolution
		SolutionGuid = {3D5E6F96-B48E-41F1-BD94-3B79DDDF80A9}
	EndGlobalSection
EndGlobal
